
Microsoft Visual Studio Solution File, Format Version 12.00
# Visual Studio 14
VisualStudioVersion = 14.0.25420.1
MinimumVisualStudioVersion = 10.0.40219.1
Project("{FAE04EC0-301F-11D3-BF4B-00C04F79EFBC}") = "DemoPrint", "DemoPrint\DemoPrint\DemoPrint.csproj", "{33191AA3-FA36-4F7B-83D1-F702A0897E30}"
EndProject
Project("{FAE04EC0-301F-11D3-BF4B-00C04F79EFBC}") = "DemoPrint.Droid", "DemoPrint\DemoPrint.Droid\DemoPrint.Droid.csproj", "{5FD2C568-D03E-4269-A768-1EA5A7DA8A7D}"
EndProject
Project("{FAE04EC0-301F-11D3-BF4B-00C04F79EFBC}") = "DemoPrint.iOS", "DemoPrint\DemoPrint.iOS\DemoPrint.iOS.csproj", "{634C45F8-AEDF-40F8-ADC2-66F1AA5A8B65}"
EndProject
Project("{FAE04EC0-301F-11D3-BF4B-00C04F79EFBC}") = "DemoPrint.WinPhone", "DemoPrint\DemoPrint.WinPhone\DemoPrint.WinPhone.csproj", "{A86462B7-B25F-43BF-B529-31D8C7089A81}"
EndProject
Project("{FAE04EC0-301F-11D3-BF4B-00C04F79EFBC}") = "DemoPrint.UWP", "DemoPrint\DemoPrint.UWP\DemoPrint.UWP.csproj", "{6F050BE8-D2C7-43C8-B2A2-07E6DA2BE0DC}"
EndProject
Project("{FAE04EC0-301F-11D3-BF4B-00C04F79EFBC}") = "DemoPrint.Windows", "DemoPrint\DemoPrint.Windows\DemoPrint.Windows.csproj", "{8A15F315-4050-4680-9D83-27165C3A4DB4}"
EndProject
Global
	GlobalSection(SolutionConfigurationPlatforms) = preSolution
		Ad-Hoc|Any CPU = Ad-Hoc|Any CPU
		Ad-Hoc|ARM = Ad-Hoc|ARM
		Ad-Hoc|iPhone = Ad-Hoc|iPhone
		Ad-Hoc|iPhoneSimulator = Ad-Hoc|iPhoneSimulator
		Ad-Hoc|x64 = Ad-Hoc|x64
		Ad-Hoc|x86 = Ad-Hoc|x86
		AppStore|Any CPU = AppStore|Any CPU
		AppStore|ARM = AppStore|ARM
		AppStore|iPhone = AppStore|iPhone
		AppStore|iPhoneSimulator = AppStore|iPhoneSimulator
		AppStore|x64 = AppStore|x64
		AppStore|x86 = AppStore|x86
		Debug|Any CPU = Debug|Any CPU
		Debug|ARM = Debug|ARM
		Debug|iPhone = Debug|iPhone
		Debug|iPhoneSimulator = Debug|iPhoneSimulator
		Debug|x64 = Debug|x64
		Debug|x86 = Debug|x86
		Release|Any CPU = Release|Any CPU
		Release|ARM = Release|ARM
		Release|iPhone = Release|iPhone
		Release|iPhoneSimulator = Release|iPhoneSimulator
		Release|x64 = Release|x64
		Release|x86 = Release|x86
	EndGlobalSection
	GlobalSection(ProjectConfigurationPlatforms) = postSolution
		{33191AA3-FA36-4F7B-83D1-F702A0897E30}.Ad-Hoc|Any CPU.ActiveCfg = Release|Any CPU
		{33191AA3-FA36-4F7B-83D1-F702A0897E30}.Ad-Hoc|Any CPU.Build.0 = Release|Any CPU
		{33191AA3-FA36-4F7B-83D1-F702A0897E30}.Ad-Hoc|ARM.ActiveCfg = Release|Any CPU
		{33191AA3-FA36-4F7B-83D1-F702A0897E30}.Ad-Hoc|ARM.Build.0 = Release|Any CPU
		{33191AA3-FA36-4F7B-83D1-F702A0897E30}.Ad-Hoc|iPhone.ActiveCfg = Release|Any CPU
		{33191AA3-FA36-4F7B-83D1-F702A0897E30}.Ad-Hoc|iPhone.Build.0 = Release|Any CPU
		{33191AA3-FA36-4F7B-83D1-F702A0897E30}.Ad-Hoc|iPhoneSimulator.ActiveCfg = Release|Any CPU
		{33191AA3-FA36-4F7B-83D1-F702A0897E30}.Ad-Hoc|iPhoneSimulator.Build.0 = Release|Any CPU
		{33191AA3-FA36-4F7B-83D1-F702A0897E30}.Ad-Hoc|x64.ActiveCfg = Release|Any CPU
		{33191AA3-FA36-4F7B-83D1-F702A0897E30}.Ad-Hoc|x64.Build.0 = Release|Any CPU
		{33191AA3-FA36-4F7B-83D1-F702A0897E30}.Ad-Hoc|x86.ActiveCfg = Release|Any CPU
		{33191AA3-FA36-4F7B-83D1-F702A0897E30}.Ad-Hoc|x86.Build.0 = Release|Any CPU
		{33191AA3-FA36-4F7B-83D1-F702A0897E30}.AppStore|Any CPU.ActiveCfg = Release|Any CPU
		{33191AA3-FA36-4F7B-83D1-F702A0897E30}.AppStore|Any CPU.Build.0 = Release|Any CPU
		{33191AA3-FA36-4F7B-83D1-F702A0897E30}.AppStore|ARM.ActiveCfg = Release|Any CPU
		{33191AA3-FA36-4F7B-83D1-F702A0897E30}.AppStore|ARM.Build.0 = Release|Any CPU
		{33191AA3-FA36-4F7B-83D1-F702A0897E30}.AppStore|iPhone.ActiveCfg = Release|Any CPU
		{33191AA3-FA36-4F7B-83D1-F702A0897E30}.AppStore|iPhone.Build.0 = Release|Any CPU
		{33191AA3-FA36-4F7B-83D1-F702A0897E30}.AppStore|iPhoneSimulator.ActiveCfg = Release|Any CPU
		{33191AA3-FA36-4F7B-83D1-F702A0897E30}.AppStore|iPhoneSimulator.Build.0 = Release|Any CPU
		{33191AA3-FA36-4F7B-83D1-F702A0897E30}.AppStore|x64.ActiveCfg = Release|Any CPU
		{33191AA3-FA36-4F7B-83D1-F702A0897E30}.AppStore|x64.Build.0 = Release|Any CPU
		{33191AA3-FA36-4F7B-83D1-F702A0897E30}.AppStore|x86.ActiveCfg = Release|Any CPU
		{33191AA3-FA36-4F7B-83D1-F702A0897E30}.AppStore|x86.Build.0 = Release|Any CPU
		{33191AA3-FA36-4F7B-83D1-F702A0897E30}.Debug|Any CPU.ActiveCfg = Debug|Any CPU
		{33191AA3-FA36-4F7B-83D1-F702A0897E30}.Debug|Any CPU.Build.0 = Debug|Any CPU
		{33191AA3-FA36-4F7B-83D1-F702A0897E30}.Debug|ARM.ActiveCfg = Debug|Any CPU
		{33191AA3-FA36-4F7B-83D1-F702A0897E30}.Debug|ARM.Build.0 = Debug|Any CPU
		{33191AA3-FA36-4F7B-83D1-F702A0897E30}.Debug|iPhone.ActiveCfg = Debug|Any CPU
		{33191AA3-FA36-4F7B-83D1-F702A0897E30}.Debug|iPhone.Build.0 = Debug|Any CPU
		{33191AA3-FA36-4F7B-83D1-F702A0897E30}.Debug|iPhoneSimulator.ActiveCfg = Debug|Any CPU
		{33191AA3-FA36-4F7B-83D1-F702A0897E30}.Debug|iPhoneSimulator.Build.0 = Debug|Any CPU
		{33191AA3-FA36-4F7B-83D1-F702A0897E30}.Debug|x64.ActiveCfg = Debug|Any CPU
		{33191AA3-FA36-4F7B-83D1-F702A0897E30}.Debug|x64.Build.0 = Debug|Any CPU
		{33191AA3-FA36-4F7B-83D1-F702A0897E30}.Debug|x86.ActiveCfg = Debug|Any CPU
		{33191AA3-FA36-4F7B-83D1-F702A0897E30}.Debug|x86.Build.0 = Debug|Any CPU
		{33191AA3-FA36-4F7B-83D1-F702A0897E30}.Release|Any CPU.ActiveCfg = Release|Any CPU
		{33191AA3-FA36-4F7B-83D1-F702A0897E30}.Release|Any CPU.Build.0 = Release|Any CPU
		{33191AA3-FA36-4F7B-83D1-F702A0897E30}.Release|ARM.ActiveCfg = Release|Any CPU
		{33191AA3-FA36-4F7B-83D1-F702A0897E30}.Release|ARM.Build.0 = Release|Any CPU
		{33191AA3-FA36-4F7B-83D1-F702A0897E30}.Release|iPhone.ActiveCfg = Release|Any CPU
		{33191AA3-FA36-4F7B-83D1-F702A0897E30}.Release|iPhone.Build.0 = Release|Any CPU
		{33191AA3-FA36-4F7B-83D1-F702A0897E30}.Release|iPhoneSimulator.ActiveCfg = Release|Any CPU
		{33191AA3-FA36-4F7B-83D1-F702A0897E30}.Release|iPhoneSimulator.Build.0 = Release|Any CPU
		{33191AA3-FA36-4F7B-83D1-F702A0897E30}.Release|x64.ActiveCfg = Release|Any CPU
		{33191AA3-FA36-4F7B-83D1-F702A0897E30}.Release|x64.Build.0 = Release|Any CPU
		{33191AA3-FA36-4F7B-83D1-F702A0897E30}.Release|x86.ActiveCfg = Release|Any CPU
		{33191AA3-FA36-4F7B-83D1-F702A0897E30}.Release|x86.Build.0 = Release|Any CPU
		{5FD2C568-D03E-4269-A768-1EA5A7DA8A7D}.Ad-Hoc|Any CPU.ActiveCfg = Release|Any CPU
		{5FD2C568-D03E-4269-A768-1EA5A7DA8A7D}.Ad-Hoc|Any CPU.Build.0 = Release|Any CPU
		{5FD2C568-D03E-4269-A768-1EA5A7DA8A7D}.Ad-Hoc|Any CPU.Deploy.0 = Release|Any CPU
		{5FD2C568-D03E-4269-A768-1EA5A7DA8A7D}.Ad-Hoc|ARM.ActiveCfg = Release|Any CPU
		{5FD2C568-D03E-4269-A768-1EA5A7DA8A7D}.Ad-Hoc|ARM.Build.0 = Release|Any CPU
		{5FD2C568-D03E-4269-A768-1EA5A7DA8A7D}.Ad-Hoc|ARM.Deploy.0 = Release|Any CPU
		{5FD2C568-D03E-4269-A768-1EA5A7DA8A7D}.Ad-Hoc|iPhone.ActiveCfg = Release|Any CPU
		{5FD2C568-D03E-4269-A768-1EA5A7DA8A7D}.Ad-Hoc|iPhone.Build.0 = Release|Any CPU
		{5FD2C568-D03E-4269-A768-1EA5A7DA8A7D}.Ad-Hoc|iPhone.Deploy.0 = Release|Any CPU
		{5FD2C568-D03E-4269-A768-1EA5A7DA8A7D}.Ad-Hoc|iPhoneSimulator.ActiveCfg = Release|Any CPU
		{5FD2C568-D03E-4269-A768-1EA5A7DA8A7D}.Ad-Hoc|iPhoneSimulator.Build.0 = Release|Any CPU
		{5FD2C568-D03E-4269-A768-1EA5A7DA8A7D}.Ad-Hoc|iPhoneSimulator.Deploy.0 = Release|Any CPU
		{5FD2C568-D03E-4269-A768-1EA5A7DA8A7D}.Ad-Hoc|x64.ActiveCfg = Release|Any CPU
		{5FD2C568-D03E-4269-A768-1EA5A7DA8A7D}.Ad-Hoc|x64.Build.0 = Release|Any CPU
		{5FD2C568-D03E-4269-A768-1EA5A7DA8A7D}.Ad-Hoc|x64.Deploy.0 = Release|Any CPU
		{5FD2C568-D03E-4269-A768-1EA5A7DA8A7D}.Ad-Hoc|x86.ActiveCfg = Release|Any CPU
		{5FD2C568-D03E-4269-A768-1EA5A7DA8A7D}.Ad-Hoc|x86.Build.0 = Release|Any CPU
		{5FD2C568-D03E-4269-A768-1EA5A7DA8A7D}.Ad-Hoc|x86.Deploy.0 = Release|Any CPU
		{5FD2C568-D03E-4269-A768-1EA5A7DA8A7D}.AppStore|Any CPU.ActiveCfg = Release|Any CPU
		{5FD2C568-D03E-4269-A768-1EA5A7DA8A7D}.AppStore|Any CPU.Build.0 = Release|Any CPU
		{5FD2C568-D03E-4269-A768-1EA5A7DA8A7D}.AppStore|Any CPU.Deploy.0 = Release|Any CPU
		{5FD2C568-D03E-4269-A768-1EA5A7DA8A7D}.AppStore|ARM.ActiveCfg = Release|Any CPU
		{5FD2C568-D03E-4269-A768-1EA5A7DA8A7D}.AppStore|ARM.Build.0 = Release|Any CPU
		{5FD2C568-D03E-4269-A768-1EA5A7DA8A7D}.AppStore|ARM.Deploy.0 = Release|Any CPU
		{5FD2C568-D03E-4269-A768-1EA5A7DA8A7D}.AppStore|iPhone.ActiveCfg = Release|Any CPU
		{5FD2C568-D03E-4269-A768-1EA5A7DA8A7D}.AppStore|iPhone.Build.0 = Release|Any CPU
		{5FD2C568-D03E-4269-A768-1EA5A7DA8A7D}.AppStore|iPhone.Deploy.0 = Release|Any CPU
		{5FD2C568-D03E-4269-A768-1EA5A7DA8A7D}.AppStore|iPhoneSimulator.ActiveCfg = Release|Any CPU
		{5FD2C568-D03E-4269-A768-1EA5A7DA8A7D}.AppStore|iPhoneSimulator.Build.0 = Release|Any CPU
		{5FD2C568-D03E-4269-A768-1EA5A7DA8A7D}.AppStore|iPhoneSimulator.Deploy.0 = Release|Any CPU
		{5FD2C568-D03E-4269-A768-1EA5A7DA8A7D}.AppStore|x64.ActiveCfg = Release|Any CPU
		{5FD2C568-D03E-4269-A768-1EA5A7DA8A7D}.AppStore|x64.Build.0 = Release|Any CPU
		{5FD2C568-D03E-4269-A768-1EA5A7DA8A7D}.AppStore|x64.Deploy.0 = Release|Any CPU
		{5FD2C568-D03E-4269-A768-1EA5A7DA8A7D}.AppStore|x86.ActiveCfg = Release|Any CPU
		{5FD2C568-D03E-4269-A768-1EA5A7DA8A7D}.AppStore|x86.Build.0 = Release|Any CPU
		{5FD2C568-D03E-4269-A768-1EA5A7DA8A7D}.AppStore|x86.Deploy.0 = Release|Any CPU
		{5FD2C568-D03E-4269-A768-1EA5A7DA8A7D}.Debug|Any CPU.ActiveCfg = Debug|Any CPU
		{5FD2C568-D03E-4269-A768-1EA5A7DA8A7D}.Debug|Any CPU.Build.0 = Debug|Any CPU
		{5FD2C568-D03E-4269-A768-1EA5A7DA8A7D}.Debug|Any CPU.Deploy.0 = Debug|Any CPU
		{5FD2C568-D03E-4269-A768-1EA5A7DA8A7D}.Debug|ARM.ActiveCfg = Debug|Any CPU
		{5FD2C568-D03E-4269-A768-1EA5A7DA8A7D}.Debug|ARM.Build.0 = Debug|Any CPU
		{5FD2C568-D03E-4269-A768-1EA5A7DA8A7D}.Debug|ARM.Deploy.0 = Debug|Any CPU
		{5FD2C568-D03E-4269-A768-1EA5A7DA8A7D}.Debug|iPhone.ActiveCfg = Debug|Any CPU
		{5FD2C568-D03E-4269-A768-1EA5A7DA8A7D}.Debug|iPhone.Build.0 = Debug|Any CPU
		{5FD2C568-D03E-4269-A768-1EA5A7DA8A7D}.Debug|iPhone.Deploy.0 = Debug|Any CPU
		{5FD2C568-D03E-4269-A768-1EA5A7DA8A7D}.Debug|iPhoneSimulator.ActiveCfg = Debug|Any CPU
		{5FD2C568-D03E-4269-A768-1EA5A7DA8A7D}.Debug|iPhoneSimulator.Build.0 = Debug|Any CPU
		{5FD2C568-D03E-4269-A768-1EA5A7DA8A7D}.Debug|iPhoneSimulator.Deploy.0 = Debug|Any CPU
		{5FD2C568-D03E-4269-A768-1EA5A7DA8A7D}.Debug|x64.ActiveCfg = Debug|Any CPU
		{5FD2C568-D03E-4269-A768-1EA5A7DA8A7D}.Debug|x64.Build.0 = Debug|Any CPU
		{5FD2C568-D03E-4269-A768-1EA5A7DA8A7D}.Debug|x64.Deploy.0 = Debug|Any CPU
		{5FD2C568-D03E-4269-A768-1EA5A7DA8A7D}.Debug|x86.ActiveCfg = Debug|Any CPU
		{5FD2C568-D03E-4269-A768-1EA5A7DA8A7D}.Debug|x86.Build.0 = Debug|Any CPU
		{5FD2C568-D03E-4269-A768-1EA5A7DA8A7D}.Debug|x86.Deploy.0 = Debug|Any CPU
		{5FD2C568-D03E-4269-A768-1EA5A7DA8A7D}.Release|Any CPU.ActiveCfg = Release|Any CPU
		{5FD2C568-D03E-4269-A768-1EA5A7DA8A7D}.Release|Any CPU.Build.0 = Release|Any CPU
		{5FD2C568-D03E-4269-A768-1EA5A7DA8A7D}.Release|Any CPU.Deploy.0 = Release|Any CPU
		{5FD2C568-D03E-4269-A768-1EA5A7DA8A7D}.Release|ARM.ActiveCfg = Release|Any CPU
		{5FD2C568-D03E-4269-A768-1EA5A7DA8A7D}.Release|ARM.Build.0 = Release|Any CPU
		{5FD2C568-D03E-4269-A768-1EA5A7DA8A7D}.Release|ARM.Deploy.0 = Release|Any CPU
		{5FD2C568-D03E-4269-A768-1EA5A7DA8A7D}.Release|iPhone.ActiveCfg = Release|Any CPU
		{5FD2C568-D03E-4269-A768-1EA5A7DA8A7D}.Release|iPhone.Build.0 = Release|Any CPU
		{5FD2C568-D03E-4269-A768-1EA5A7DA8A7D}.Release|iPhone.Deploy.0 = Release|Any CPU
		{5FD2C568-D03E-4269-A768-1EA5A7DA8A7D}.Release|iPhoneSimulator.ActiveCfg = Release|Any CPU
		{5FD2C568-D03E-4269-A768-1EA5A7DA8A7D}.Release|iPhoneSimulator.Build.0 = Release|Any CPU
		{5FD2C568-D03E-4269-A768-1EA5A7DA8A7D}.Release|iPhoneSimulator.Deploy.0 = Release|Any CPU
		{5FD2C568-D03E-4269-A768-1EA5A7DA8A7D}.Release|x64.ActiveCfg = Release|Any CPU
		{5FD2C568-D03E-4269-A768-1EA5A7DA8A7D}.Release|x64.Build.0 = Release|Any CPU
		{5FD2C568-D03E-4269-A768-1EA5A7DA8A7D}.Release|x64.Deploy.0 = Release|Any CPU
		{5FD2C568-D03E-4269-A768-1EA5A7DA8A7D}.Release|x86.ActiveCfg = Release|Any CPU
		{5FD2C568-D03E-4269-A768-1EA5A7DA8A7D}.Release|x86.Build.0 = Release|Any CPU
		{5FD2C568-D03E-4269-A768-1EA5A7DA8A7D}.Release|x86.Deploy.0 = Release|Any CPU
		{634C45F8-AEDF-40F8-ADC2-66F1AA5A8B65}.Ad-Hoc|Any CPU.ActiveCfg = Ad-Hoc|iPhone
		{634C45F8-AEDF-40F8-ADC2-66F1AA5A8B65}.Ad-Hoc|ARM.ActiveCfg = Ad-Hoc|iPhone
		{634C45F8-AEDF-40F8-ADC2-66F1AA5A8B65}.Ad-Hoc|iPhone.ActiveCfg = Ad-Hoc|iPhone
		{634C45F8-AEDF-40F8-ADC2-66F1AA5A8B65}.Ad-Hoc|iPhone.Build.0 = Ad-Hoc|iPhone
		{634C45F8-AEDF-40F8-ADC2-66F1AA5A8B65}.Ad-Hoc|iPhoneSimulator.ActiveCfg = Ad-Hoc|iPhoneSimulator
		{634C45F8-AEDF-40F8-ADC2-66F1AA5A8B65}.Ad-Hoc|iPhoneSimulator.Build.0 = Ad-Hoc|iPhoneSimulator
		{634C45F8-AEDF-40F8-ADC2-66F1AA5A8B65}.Ad-Hoc|x64.ActiveCfg = Ad-Hoc|iPhone
		{634C45F8-AEDF-40F8-ADC2-66F1AA5A8B65}.Ad-Hoc|x86.ActiveCfg = Ad-Hoc|iPhone
		{634C45F8-AEDF-40F8-ADC2-66F1AA5A8B65}.AppStore|Any CPU.ActiveCfg = AppStore|iPhone
		{634C45F8-AEDF-40F8-ADC2-66F1AA5A8B65}.AppStore|ARM.ActiveCfg = AppStore|iPhone
		{634C45F8-AEDF-40F8-ADC2-66F1AA5A8B65}.AppStore|iPhone.ActiveCfg = AppStore|iPhone
		{634C45F8-AEDF-40F8-ADC2-66F1AA5A8B65}.AppStore|iPhone.Build.0 = AppStore|iPhone
		{634C45F8-AEDF-40F8-ADC2-66F1AA5A8B65}.AppStore|iPhoneSimulator.ActiveCfg = AppStore|iPhoneSimulator
		{634C45F8-AEDF-40F8-ADC2-66F1AA5A8B65}.AppStore|iPhoneSimulator.Build.0 = AppStore|iPhoneSimulator
		{634C45F8-AEDF-40F8-ADC2-66F1AA5A8B65}.AppStore|x64.ActiveCfg = AppStore|iPhone
		{634C45F8-AEDF-40F8-ADC2-66F1AA5A8B65}.AppStore|x86.ActiveCfg = AppStore|iPhone
		{634C45F8-AEDF-40F8-ADC2-66F1AA5A8B65}.Debug|Any CPU.ActiveCfg = Debug|iPhone
		{634C45F8-AEDF-40F8-ADC2-66F1AA5A8B65}.Debug|ARM.ActiveCfg = Debug|iPhone
		{634C45F8-AEDF-40F8-ADC2-66F1AA5A8B65}.Debug|iPhone.ActiveCfg = Debug|iPhone
		{634C45F8-AEDF-40F8-ADC2-66F1AA5A8B65}.Debug|iPhone.Build.0 = Debug|iPhone
		{634C45F8-AEDF-40F8-ADC2-66F1AA5A8B65}.Debug|iPhoneSimulator.ActiveCfg = Debug|iPhoneSimulator
		{634C45F8-AEDF-40F8-ADC2-66F1AA5A8B65}.Debug|iPhoneSimulator.Build.0 = Debug|iPhoneSimulator
		{634C45F8-AEDF-40F8-ADC2-66F1AA5A8B65}.Debug|x64.ActiveCfg = Debug|iPhone
		{634C45F8-AEDF-40F8-ADC2-66F1AA5A8B65}.Debug|x86.ActiveCfg = Debug|iPhone
		{634C45F8-AEDF-40F8-ADC2-66F1AA5A8B65}.Release|Any CPU.ActiveCfg = Release|iPhone
		{634C45F8-AEDF-40F8-ADC2-66F1AA5A8B65}.Release|ARM.ActiveCfg = Release|iPhone
		{634C45F8-AEDF-40F8-ADC2-66F1AA5A8B65}.Release|iPhone.ActiveCfg = Release|iPhone
		{634C45F8-AEDF-40F8-ADC2-66F1AA5A8B65}.Release|iPhone.Build.0 = Release|iPhone
		{634C45F8-AEDF-40F8-ADC2-66F1AA5A8B65}.Release|iPhoneSimulator.ActiveCfg = Release|iPhoneSimulator
		{634C45F8-AEDF-40F8-ADC2-66F1AA5A8B65}.Release|iPhoneSimulator.Build.0 = Release|iPhoneSimulator
		{634C45F8-AEDF-40F8-ADC2-66F1AA5A8B65}.Release|x64.ActiveCfg = Release|iPhone
		{634C45F8-AEDF-40F8-ADC2-66F1AA5A8B65}.Release|x86.ActiveCfg = Release|iPhone
		{A86462B7-B25F-43BF-B529-31D8C7089A81}.Ad-Hoc|Any CPU.ActiveCfg = Release|Any CPU
		{A86462B7-B25F-43BF-B529-31D8C7089A81}.Ad-Hoc|Any CPU.Build.0 = Release|Any CPU
		{A86462B7-B25F-43BF-B529-31D8C7089A81}.Ad-Hoc|Any CPU.Deploy.0 = Release|Any CPU
		{A86462B7-B25F-43BF-B529-31D8C7089A81}.Ad-Hoc|ARM.ActiveCfg = Release|ARM
		{A86462B7-B25F-43BF-B529-31D8C7089A81}.Ad-Hoc|ARM.Build.0 = Release|ARM
		{A86462B7-B25F-43BF-B529-31D8C7089A81}.Ad-Hoc|ARM.Deploy.0 = Release|ARM
		{A86462B7-B25F-43BF-B529-31D8C7089A81}.Ad-Hoc|iPhone.ActiveCfg = Release|Any CPU
		{A86462B7-B25F-43BF-B529-31D8C7089A81}.Ad-Hoc|iPhone.Build.0 = Release|Any CPU
		{A86462B7-B25F-43BF-B529-31D8C7089A81}.Ad-Hoc|iPhone.Deploy.0 = Release|Any CPU
		{A86462B7-B25F-43BF-B529-31D8C7089A81}.Ad-Hoc|iPhoneSimulator.ActiveCfg = Release|Any CPU
		{A86462B7-B25F-43BF-B529-31D8C7089A81}.Ad-Hoc|iPhoneSimulator.Build.0 = Release|Any CPU
		{A86462B7-B25F-43BF-B529-31D8C7089A81}.Ad-Hoc|iPhoneSimulator.Deploy.0 = Release|Any CPU
		{A86462B7-B25F-43BF-B529-31D8C7089A81}.Ad-Hoc|x64.ActiveCfg = Release|Any CPU
		{A86462B7-B25F-43BF-B529-31D8C7089A81}.Ad-Hoc|x64.Build.0 = Release|Any CPU
		{A86462B7-B25F-43BF-B529-31D8C7089A81}.Ad-Hoc|x64.Deploy.0 = Release|Any CPU
		{A86462B7-B25F-43BF-B529-31D8C7089A81}.Ad-Hoc|x86.ActiveCfg = Release|x86
		{A86462B7-B25F-43BF-B529-31D8C7089A81}.Ad-Hoc|x86.Build.0 = Release|x86
		{A86462B7-B25F-43BF-B529-31D8C7089A81}.Ad-Hoc|x86.Deploy.0 = Release|x86
		{A86462B7-B25F-43BF-B529-31D8C7089A81}.AppStore|Any CPU.ActiveCfg = Release|Any CPU
		{A86462B7-B25F-43BF-B529-31D8C7089A81}.AppStore|Any CPU.Build.0 = Release|Any CPU
		{A86462B7-B25F-43BF-B529-31D8C7089A81}.AppStore|Any CPU.Deploy.0 = Release|Any CPU
		{A86462B7-B25F-43BF-B529-31D8C7089A81}.AppStore|ARM.ActiveCfg = Release|ARM
		{A86462B7-B25F-43BF-B529-31D8C7089A81}.AppStore|ARM.Build.0 = Release|ARM
		{A86462B7-B25F-43BF-B529-31D8C7089A81}.AppStore|ARM.Deploy.0 = Release|ARM
		{A86462B7-B25F-43BF-B529-31D8C7089A81}.AppStore|iPhone.ActiveCfg = Release|Any CPU
		{A86462B7-B25F-43BF-B529-31D8C7089A81}.AppStore|iPhone.Build.0 = Release|Any CPU
		{A86462B7-B25F-43BF-B529-31D8C7089A81}.AppStore|iPhone.Deploy.0 = Release|Any CPU
		{A86462B7-B25F-43BF-B529-31D8C7089A81}.AppStore|iPhoneSimulator.ActiveCfg = Release|Any CPU
		{A86462B7-B25F-43BF-B529-31D8C7089A81}.AppStore|iPhoneSimulator.Build.0 = Release|Any CPU
		{A86462B7-B25F-43BF-B529-31D8C7089A81}.AppStore|iPhoneSimulator.Deploy.0 = Release|Any CPU
		{A86462B7-B25F-43BF-B529-31D8C7089A81}.AppStore|x64.ActiveCfg = Release|Any CPU
		{A86462B7-B25F-43BF-B529-31D8C7089A81}.AppStore|x64.Build.0 = Release|Any CPU
		{A86462B7-B25F-43BF-B529-31D8C7089A81}.AppStore|x64.Deploy.0 = Release|Any CPU
		{A86462B7-B25F-43BF-B529-31D8C7089A81}.AppStore|x86.ActiveCfg = Release|x86
		{A86462B7-B25F-43BF-B529-31D8C7089A81}.AppStore|x86.Build.0 = Release|x86
		{A86462B7-B25F-43BF-B529-31D8C7089A81}.AppStore|x86.Deploy.0 = Release|x86
		{A86462B7-B25F-43BF-B529-31D8C7089A81}.Debug|Any CPU.ActiveCfg = Debug|Any CPU
		{A86462B7-B25F-43BF-B529-31D8C7089A81}.Debug|Any CPU.Build.0 = Debug|Any CPU
		{A86462B7-B25F-43BF-B529-31D8C7089A81}.Debug|Any CPU.Deploy.0 = Debug|Any CPU
		{A86462B7-B25F-43BF-B529-31D8C7089A81}.Debug|ARM.ActiveCfg = Debug|ARM
		{A86462B7-B25F-43BF-B529-31D8C7089A81}.Debug|ARM.Build.0 = Debug|ARM
		{A86462B7-B25F-43BF-B529-31D8C7089A81}.Debug|ARM.Deploy.0 = Debug|ARM
		{A86462B7-B25F-43BF-B529-31D8C7089A81}.Debug|iPhone.ActiveCfg = Debug|Any CPU
		{A86462B7-B25F-43BF-B529-31D8C7089A81}.Debug|iPhone.Build.0 = Debug|Any CPU
		{A86462B7-B25F-43BF-B529-31D8C7089A81}.Debug|iPhone.Deploy.0 = Debug|Any CPU
		{A86462B7-B25F-43BF-B529-31D8C7089A81}.Debug|iPhoneSimulator.ActiveCfg = Debug|Any CPU
		{A86462B7-B25F-43BF-B529-31D8C7089A81}.Debug|iPhoneSimulator.Build.0 = Debug|Any CPU
		{A86462B7-B25F-43BF-B529-31D8C7089A81}.Debug|iPhoneSimulator.Deploy.0 = Debug|Any CPU
		{A86462B7-B25F-43BF-B529-31D8C7089A81}.Debug|x64.ActiveCfg = Debug|Any CPU
		{A86462B7-B25F-43BF-B529-31D8C7089A81}.Debug|x64.Build.0 = Debug|Any CPU
		{A86462B7-B25F-43BF-B529-31D8C7089A81}.Debug|x64.Deploy.0 = Debug|Any CPU
		{A86462B7-B25F-43BF-B529-31D8C7089A81}.Debug|x86.ActiveCfg = Debug|x86
		{A86462B7-B25F-43BF-B529-31D8C7089A81}.Debug|x86.Build.0 = Debug|x86
		{A86462B7-B25F-43BF-B529-31D8C7089A81}.Debug|x86.Deploy.0 = Debug|x86
		{A86462B7-B25F-43BF-B529-31D8C7089A81}.Release|Any CPU.ActiveCfg = Release|Any CPU
		{A86462B7-B25F-43BF-B529-31D8C7089A81}.Release|Any CPU.Build.0 = Release|Any CPU
		{A86462B7-B25F-43BF-B529-31D8C7089A81}.Release|Any CPU.Deploy.0 = Release|Any CPU
		{A86462B7-B25F-43BF-B529-31D8C7089A81}.Release|ARM.ActiveCfg = Release|ARM
		{A86462B7-B25F-43BF-B529-31D8C7089A81}.Release|ARM.Build.0 = Release|ARM
		{A86462B7-B25F-43BF-B529-31D8C7089A81}.Release|ARM.Deploy.0 = Release|ARM
		{A86462B7-B25F-43BF-B529-31D8C7089A81}.Release|iPhone.ActiveCfg = Release|Any CPU
		{A86462B7-B25F-43BF-B529-31D8C7089A81}.Release|iPhone.Build.0 = Release|Any CPU
		{A86462B7-B25F-43BF-B529-31D8C7089A81}.Release|iPhone.Deploy.0 = Release|Any CPU
		{A86462B7-B25F-43BF-B529-31D8C7089A81}.Release|iPhoneSimulator.ActiveCfg = Release|Any CPU
		{A86462B7-B25F-43BF-B529-31D8C7089A81}.Release|iPhoneSimulator.Build.0 = Release|Any CPU
		{A86462B7-B25F-43BF-B529-31D8C7089A81}.Release|iPhoneSimulator.Deploy.0 = Release|Any CPU
		{A86462B7-B25F-43BF-B529-31D8C7089A81}.Release|x64.ActiveCfg = Release|Any CPU
		{A86462B7-B25F-43BF-B529-31D8C7089A81}.Release|x64.Build.0 = Release|Any CPU
		{A86462B7-B25F-43BF-B529-31D8C7089A81}.Release|x64.Deploy.0 = Release|Any CPU
		{A86462B7-B25F-43BF-B529-31D8C7089A81}.Release|x86.ActiveCfg = Release|x86
		{A86462B7-B25F-43BF-B529-31D8C7089A81}.Release|x86.Build.0 = Release|x86
		{A86462B7-B25F-43BF-B529-31D8C7089A81}.Release|x86.Deploy.0 = Release|x86
		{6F050BE8-D2C7-43C8-B2A2-07E6DA2BE0DC}.Ad-Hoc|Any CPU.ActiveCfg = Release|x86
		{6F050BE8-D2C7-43C8-B2A2-07E6DA2BE0DC}.Ad-Hoc|Any CPU.Build.0 = Release|x86
		{6F050BE8-D2C7-43C8-B2A2-07E6DA2BE0DC}.Ad-Hoc|Any CPU.Deploy.0 = Release|x86
		{6F050BE8-D2C7-43C8-B2A2-07E6DA2BE0DC}.Ad-Hoc|ARM.ActiveCfg = Release|ARM
		{6F050BE8-D2C7-43C8-B2A2-07E6DA2BE0DC}.Ad-Hoc|ARM.Build.0 = Release|ARM
		{6F050BE8-D2C7-43C8-B2A2-07E6DA2BE0DC}.Ad-Hoc|ARM.Deploy.0 = Release|ARM
		{6F050BE8-D2C7-43C8-B2A2-07E6DA2BE0DC}.Ad-Hoc|iPhone.ActiveCfg = Release|x86
		{6F050BE8-D2C7-43C8-B2A2-07E6DA2BE0DC}.Ad-Hoc|iPhone.Build.0 = Release|x86
		{6F050BE8-D2C7-43C8-B2A2-07E6DA2BE0DC}.Ad-Hoc|iPhone.Deploy.0 = Release|x86
		{6F050BE8-D2C7-43C8-B2A2-07E6DA2BE0DC}.Ad-Hoc|iPhoneSimulator.ActiveCfg = Release|x86
		{6F050BE8-D2C7-43C8-B2A2-07E6DA2BE0DC}.Ad-Hoc|iPhoneSimulator.Build.0 = Release|x86
		{6F050BE8-D2C7-43C8-B2A2-07E6DA2BE0DC}.Ad-Hoc|iPhoneSimulator.Deploy.0 = Release|x86
		{6F050BE8-D2C7-43C8-B2A2-07E6DA2BE0DC}.Ad-Hoc|x64.ActiveCfg = Release|x64
		{6F050BE8-D2C7-43C8-B2A2-07E6DA2BE0DC}.Ad-Hoc|x64.Build.0 = Release|x64
		{6F050BE8-D2C7-43C8-B2A2-07E6DA2BE0DC}.Ad-Hoc|x64.Deploy.0 = Release|x64
		{6F050BE8-D2C7-43C8-B2A2-07E6DA2BE0DC}.Ad-Hoc|x86.ActiveCfg = Release|x86
		{6F050BE8-D2C7-43C8-B2A2-07E6DA2BE0DC}.Ad-Hoc|x86.Build.0 = Release|x86
		{6F050BE8-D2C7-43C8-B2A2-07E6DA2BE0DC}.Ad-Hoc|x86.Deploy.0 = Release|x86
		{6F050BE8-D2C7-43C8-B2A2-07E6DA2BE0DC}.AppStore|Any CPU.ActiveCfg = Release|x86
		{6F050BE8-D2C7-43C8-B2A2-07E6DA2BE0DC}.AppStore|Any CPU.Build.0 = Release|x86
		{6F050BE8-D2C7-43C8-B2A2-07E6DA2BE0DC}.AppStore|Any CPU.Deploy.0 = Release|x86
		{6F050BE8-D2C7-43C8-B2A2-07E6DA2BE0DC}.AppStore|ARM.ActiveCfg = Release|ARM
		{6F050BE8-D2C7-43C8-B2A2-07E6DA2BE0DC}.AppStore|ARM.Build.0 = Release|ARM
		{6F050BE8-D2C7-43C8-B2A2-07E6DA2BE0DC}.AppStore|ARM.Deploy.0 = Release|ARM
		{6F050BE8-D2C7-43C8-B2A2-07E6DA2BE0DC}.AppStore|iPhone.ActiveCfg = Release|x86
		{6F050BE8-D2C7-43C8-B2A2-07E6DA2BE0DC}.AppStore|iPhone.Build.0 = Release|x86
		{6F050BE8-D2C7-43C8-B2A2-07E6DA2BE0DC}.AppStore|iPhone.Deploy.0 = Release|x86
		{6F050BE8-D2C7-43C8-B2A2-07E6DA2BE0DC}.AppStore|iPhoneSimulator.ActiveCfg = Release|x86
		{6F050BE8-D2C7-43C8-B2A2-07E6DA2BE0DC}.AppStore|iPhoneSimulator.Build.0 = Release|x86
		{6F050BE8-D2C7-43C8-B2A2-07E6DA2BE0DC}.AppStore|iPhoneSimulator.Deploy.0 = Release|x86
		{6F050BE8-D2C7-43C8-B2A2-07E6DA2BE0DC}.AppStore|x64.ActiveCfg = Release|x64
		{6F050BE8-D2C7-43C8-B2A2-07E6DA2BE0DC}.AppStore|x64.Build.0 = Release|x64
		{6F050BE8-D2C7-43C8-B2A2-07E6DA2BE0DC}.AppStore|x64.Deploy.0 = Release|x64
		{6F050BE8-D2C7-43C8-B2A2-07E6DA2BE0DC}.AppStore|x86.ActiveCfg = Release|x86
		{6F050BE8-D2C7-43C8-B2A2-07E6DA2BE0DC}.AppStore|x86.Build.0 = Release|x86
		{6F050BE8-D2C7-43C8-B2A2-07E6DA2BE0DC}.AppStore|x86.Deploy.0 = Release|x86
		{6F050BE8-D2C7-43C8-B2A2-07E6DA2BE0DC}.Debug|Any CPU.ActiveCfg = Debug|x86
		{6F050BE8-D2C7-43C8-B2A2-07E6DA2BE0DC}.Debug|ARM.ActiveCfg = Debug|ARM
		{6F050BE8-D2C7-43C8-B2A2-07E6DA2BE0DC}.Debug|ARM.Build.0 = Debug|ARM
		{6F050BE8-D2C7-43C8-B2A2-07E6DA2BE0DC}.Debug|ARM.Deploy.0 = Debug|ARM
		{6F050BE8-D2C7-43C8-B2A2-07E6DA2BE0DC}.Debug|iPhone.ActiveCfg = Debug|x86
		{6F050BE8-D2C7-43C8-B2A2-07E6DA2BE0DC}.Debug|iPhoneSimulator.ActiveCfg = Debug|x86
		{6F050BE8-D2C7-43C8-B2A2-07E6DA2BE0DC}.Debug|x64.ActiveCfg = Debug|x64
		{6F050BE8-D2C7-43C8-B2A2-07E6DA2BE0DC}.Debug|x64.Build.0 = Debug|x64
		{6F050BE8-D2C7-43C8-B2A2-07E6DA2BE0DC}.Debug|x64.Deploy.0 = Debug|x64
		{6F050BE8-D2C7-43C8-B2A2-07E6DA2BE0DC}.Debug|x86.ActiveCfg = Debug|x86
		{6F050BE8-D2C7-43C8-B2A2-07E6DA2BE0DC}.Debug|x86.Build.0 = Debug|x86
		{6F050BE8-D2C7-43C8-B2A2-07E6DA2BE0DC}.Debug|x86.Deploy.0 = Debug|x86
		{6F050BE8-D2C7-43C8-B2A2-07E6DA2BE0DC}.Release|Any CPU.ActiveCfg = Release|x86
		{6F050BE8-D2C7-43C8-B2A2-07E6DA2BE0DC}.Release|ARM.ActiveCfg = Release|ARM
		{6F050BE8-D2C7-43C8-B2A2-07E6DA2BE0DC}.Release|ARM.Build.0 = Release|ARM
		{6F050BE8-D2C7-43C8-B2A2-07E6DA2BE0DC}.Release|ARM.Deploy.0 = Release|ARM
		{6F050BE8-D2C7-43C8-B2A2-07E6DA2BE0DC}.Release|iPhone.ActiveCfg = Release|x86
		{6F050BE8-D2C7-43C8-B2A2-07E6DA2BE0DC}.Release|iPhoneSimulator.ActiveCfg = Release|x86
		{6F050BE8-D2C7-43C8-B2A2-07E6DA2BE0DC}.Release|x64.ActiveCfg = Release|x64
		{6F050BE8-D2C7-43C8-B2A2-07E6DA2BE0DC}.Release|x64.Build.0 = Release|x64
		{6F050BE8-D2C7-43C8-B2A2-07E6DA2BE0DC}.Release|x64.Deploy.0 = Release|x64
		{6F050BE8-D2C7-43C8-B2A2-07E6DA2BE0DC}.Release|x86.ActiveCfg = Release|x86
		{6F050BE8-D2C7-43C8-B2A2-07E6DA2BE0DC}.Release|x86.Build.0 = Release|x86
		{6F050BE8-D2C7-43C8-B2A2-07E6DA2BE0DC}.Release|x86.Deploy.0 = Release|x86
		{8A15F315-4050-4680-9D83-27165C3A4DB4}.Ad-Hoc|Any CPU.ActiveCfg = Release|Any CPU
		{8A15F315-4050-4680-9D83-27165C3A4DB4}.Ad-Hoc|Any CPU.Build.0 = Release|Any CPU
		{8A15F315-4050-4680-9D83-27165C3A4DB4}.Ad-Hoc|Any CPU.Deploy.0 = Release|Any CPU
		{8A15F315-4050-4680-9D83-27165C3A4DB4}.Ad-Hoc|ARM.ActiveCfg = Release|ARM
		{8A15F315-4050-4680-9D83-27165C3A4DB4}.Ad-Hoc|ARM.Build.0 = Release|ARM
		{8A15F315-4050-4680-9D83-27165C3A4DB4}.Ad-Hoc|ARM.Deploy.0 = Release|ARM
		{8A15F315-4050-4680-9D83-27165C3A4DB4}.Ad-Hoc|iPhone.ActiveCfg = Release|Any CPU
		{8A15F315-4050-4680-9D83-27165C3A4DB4}.Ad-Hoc|iPhone.Build.0 = Release|Any CPU
		{8A15F315-4050-4680-9D83-27165C3A4DB4}.Ad-Hoc|iPhone.Deploy.0 = Release|Any CPU
		{8A15F315-4050-4680-9D83-27165C3A4DB4}.Ad-Hoc|iPhoneSimulator.ActiveCfg = Release|Any CPU
		{8A15F315-4050-4680-9D83-27165C3A4DB4}.Ad-Hoc|iPhoneSimulator.Build.0 = Release|Any CPU
		{8A15F315-4050-4680-9D83-27165C3A4DB4}.Ad-Hoc|iPhoneSimulator.Deploy.0 = Release|Any CPU
		{8A15F315-4050-4680-9D83-27165C3A4DB4}.Ad-Hoc|x64.ActiveCfg = Release|x64
		{8A15F315-4050-4680-9D83-27165C3A4DB4}.Ad-Hoc|x64.Build.0 = Release|x64
		{8A15F315-4050-4680-9D83-27165C3A4DB4}.Ad-Hoc|x64.Deploy.0 = Release|x64
		{8A15F315-4050-4680-9D83-27165C3A4DB4}.Ad-Hoc|x86.ActiveCfg = Release|x86
		{8A15F315-4050-4680-9D83-27165C3A4DB4}.Ad-Hoc|x86.Build.0 = Release|x86
		{8A15F315-4050-4680-9D83-27165C3A4DB4}.Ad-Hoc|x86.Deploy.0 = Release|x86
		{8A15F315-4050-4680-9D83-27165C3A4DB4}.AppStore|Any CPU.ActiveCfg = Release|Any CPU
		{8A15F315-4050-4680-9D83-27165C3A4DB4}.AppStore|Any CPU.Build.0 = Release|Any CPU
		{8A15F315-4050-4680-9D83-27165C3A4DB4}.AppStore|Any CPU.Deploy.0 = Release|Any CPU
		{8A15F315-4050-4680-9D83-27165C3A4DB4}.AppStore|ARM.ActiveCfg = Release|ARM
		{8A15F315-4050-4680-9D83-27165C3A4DB4}.AppStore|ARM.Build.0 = Release|ARM
		{8A15F315-4050-4680-9D83-27165C3A4DB4}.AppStore|ARM.Deploy.0 = Release|ARM
		{8A15F315-4050-4680-9D83-27165C3A4DB4}.AppStore|iPhone.ActiveCfg = Release|Any CPU
		{8A15F315-4050-4680-9D83-27165C3A4DB4}.AppStore|iPhone.Build.0 = Release|Any CPU
		{8A15F315-4050-4680-9D83-27165C3A4DB4}.AppStore|iPhone.Deploy.0 = Release|Any CPU
		{8A15F315-4050-4680-9D83-27165C3A4DB4}.AppStore|iPhoneSimulator.ActiveCfg = Release|Any CPU
		{8A15F315-4050-4680-9D83-27165C3A4DB4}.AppStore|iPhoneSimulator.Build.0 = Release|Any CPU
		{8A15F315-4050-4680-9D83-27165C3A4DB4}.AppStore|iPhoneSimulator.Deploy.0 = Release|Any CPU
		{8A15F315-4050-4680-9D83-27165C3A4DB4}.AppStore|x64.ActiveCfg = Release|x64
		{8A15F315-4050-4680-9D83-27165C3A4DB4}.AppStore|x64.Build.0 = Release|x64
		{8A15F315-4050-4680-9D83-27165C3A4DB4}.AppStore|x64.Deploy.0 = Release|x64
		{8A15F315-4050-4680-9D83-27165C3A4DB4}.AppStore|x86.ActiveCfg = Release|x86
		{8A15F315-4050-4680-9D83-27165C3A4DB4}.AppStore|x86.Build.0 = Release|x86
		{8A15F315-4050-4680-9D83-27165C3A4DB4}.AppStore|x86.Deploy.0 = Release|x86
		{8A15F315-4050-4680-9D83-27165C3A4DB4}.Debug|Any CPU.ActiveCfg = Debug|Any CPU
		{8A15F315-4050-4680-9D83-27165C3A4DB4}.Debug|Any CPU.Build.0 = Debug|Any CPU
		{8A15F315-4050-4680-9D83-27165C3A4DB4}.Debug|Any CPU.Deploy.0 = Debug|Any CPU
		{8A15F315-4050-4680-9D83-27165C3A4DB4}.Debug|ARM.ActiveCfg = Debug|ARM
		{8A15F315-4050-4680-9D83-27165C3A4DB4}.Debug|ARM.Build.0 = Debug|ARM
		{8A15F315-4050-4680-9D83-27165C3A4DB4}.Debug|ARM.Deploy.0 = Debug|ARM
		{8A15F315-4050-4680-9D83-27165C3A4DB4}.Debug|iPhone.ActiveCfg = Debug|Any CPU
		{8A15F315-4050-4680-9D83-27165C3A4DB4}.Debug|iPhone.Build.0 = Debug|Any CPU
		{8A15F315-4050-4680-9D83-27165C3A4DB4}.Debug|iPhone.Deploy.0 = Debug|Any CPU
		{8A15F315-4050-4680-9D83-27165C3A4DB4}.Debug|iPhoneSimulator.ActiveCfg = Debug|Any CPU
		{8A15F315-4050-4680-9D83-27165C3A4DB4}.Debug|iPhoneSimulator.Build.0 = Debug|Any CPU
		{8A15F315-4050-4680-9D83-27165C3A4DB4}.Debug|iPhoneSimulator.Deploy.0 = Debug|Any CPU
		{8A15F315-4050-4680-9D83-27165C3A4DB4}.Debug|x64.ActiveCfg = Debug|x64
		{8A15F315-4050-4680-9D83-27165C3A4DB4}.Debug|x64.Build.0 = Debug|x64
		{8A15F315-4050-4680-9D83-27165C3A4DB4}.Debug|x64.Deploy.0 = Debug|x64
		{8A15F315-4050-4680-9D83-27165C3A4DB4}.Debug|x86.ActiveCfg = Debug|x86
		{8A15F315-4050-4680-9D83-27165C3A4DB4}.Debug|x86.Build.0 = Debug|x86
		{8A15F315-4050-4680-9D83-27165C3A4DB4}.Debug|x86.Deploy.0 = Debug|x86
		{8A15F315-4050-4680-9D83-27165C3A4DB4}.Release|Any CPU.ActiveCfg = Release|Any CPU
		{8A15F315-4050-4680-9D83-27165C3A4DB4}.Release|Any CPU.Build.0 = Release|Any CPU
		{8A15F315-4050-4680-9D83-27165C3A4DB4}.Release|Any CPU.Deploy.0 = Release|Any CPU
		{8A15F315-4050-4680-9D83-27165C3A4DB4}.Release|ARM.ActiveCfg = Release|ARM
		{8A15F315-4050-4680-9D83-27165C3A4DB4}.Release|ARM.Build.0 = Release|ARM
		{8A15F315-4050-4680-9D83-27165C3A4DB4}.Release|ARM.Deploy.0 = Release|ARM
		{8A15F315-4050-4680-9D83-27165C3A4DB4}.Release|iPhone.ActiveCfg = Release|Any CPU
		{8A15F315-4050-4680-9D83-27165C3A4DB4}.Release|iPhone.Build.0 = Release|Any CPU
		{8A15F315-4050-4680-9D83-27165C3A4DB4}.Release|iPhone.Deploy.0 = Release|Any CPU
		{8A15F315-4050-4680-9D83-27165C3A4DB4}.Release|iPhoneSimulator.ActiveCfg = Release|Any CPU
		{8A15F315-4050-4680-9D83-27165C3A4DB4}.Release|iPhoneSimulator.Build.0 = Release|Any CPU
		{8A15F315-4050-4680-9D83-27165C3A4DB4}.Release|iPhoneSimulator.Deploy.0 = Release|Any CPU
		{8A15F315-4050-4680-9D83-27165C3A4DB4}.Release|x64.ActiveCfg = Release|x64
		{8A15F315-4050-4680-9D83-27165C3A4DB4}.Release|x64.Build.0 = Release|x64
		{8A15F315-4050-4680-9D83-27165C3A4DB4}.Release|x64.Deploy.0 = Release|x64
		{8A15F315-4050-4680-9D83-27165C3A4DB4}.Release|x86.ActiveCfg = Release|x86
		{8A15F315-4050-4680-9D83-27165C3A4DB4}.Release|x86.Build.0 = Release|x86
		{8A15F315-4050-4680-9D83-27165C3A4DB4}.Release|x86.Deploy.0 = Release|x86
	EndGlobalSection
	GlobalSection(SolutionProperties) = preSolution
		HideSolutionNode = FALSE
	EndGlobalSection
EndGlobal
